
Microsoft Visual Studio Solution File, Format Version 12.00
# Visual Studio Version 17
VisualStudioVersion = 17.8.34322.80
MinimumVisualStudioVersion = 10.0.40219.1
Project("{FAE04EC0-301F-11D3-BF4B-00C04F79EFBC}") = "Nuvem", "Nuvem.csproj", "{5F0DAE96-64C7-4926-AA89-AFC14D5FAA48}"
EndProject
Global
	GlobalSection(SolutionConfigurationPlatforms) = preSolution
		Debug|Any CPU = Debug|Any CPU
		Release|Any CPU = Release|Any CPU
	EndGlobalSection
	GlobalSection(ProjectConfigurationPlatforms) = postSolution
		{5F0DAE96-64C7-4926-AA89-AFC14D5FAA48}.Debug|Any CPU.ActiveCfg = Debug|Any CPU
		{5F0DAE96-64C7-4926-AA89-AFC14D5FAA48}.Debug|Any CPU.Build.0 = Debug|Any CPU
		{5F0DAE96-64C7-4926-AA89-AFC14D5FAA48}.Release|Any CPU.ActiveCfg = Release|Any CPU
		{5F0DAE96-64C7-4926-AA89-AFC14D5FAA48}.Release|Any CPU.Build.0 = Release|Any CPU
	EndGlobalSection
	GlobalSection(SolutionProperties) = preSolution
		HideSolutionNode = FALSE
	EndGlobalSection
	GlobalSection(ExtensibilityGlobals) = postSolution
		SolutionGuid = {D6391AFA-E6B2-4F9F-8589-4AF1E9322A51}
	EndGlobalSection
EndGlobal
